// !$*UTF8*$!
{
	archiveVersion = 1;
	classes = {
	};
	objectVersion = 56;
	objects = {

/* Begin PBXBuildFile section */
		752E44142C886D7F00A525E7 /* AppDelegate.swift in Sources */ = {isa = PBXBuildFile; fileRef = 752E44132C886D7F00A525E7 /* AppDelegate.swift */; };
		752E44162C886D7F00A525E7 /* SceneDelegate.swift in Sources */ = {isa = PBXBuildFile; fileRef = 752E44152C886D7F00A525E7 /* SceneDelegate.swift */; };
		752E44182C886D7F00A525E7 /* ViewController.swift in Sources */ = {isa = PBXBuildFile; fileRef = 752E44172C886D7F00A525E7 /* ViewController.swift */; };
		752E441B2C886D7F00A525E7 /* Base in Resources */ = {isa = PBXBuildFile; fileRef = 752E441A2C886D7F00A525E7 /* Base */; };
		752E441E2C886D7F00A525E7 /* CardGame.xcdatamodeld in Sources */ = {isa = PBXBuildFile; fileRef = 752E441C2C886D7F00A525E7 /* CardGame.xcdatamodeld */; };
		752E44202C886D8000A525E7 /* Assets.xcassets in Resources */ = {isa = PBXBuildFile; fileRef = 752E441F2C886D8000A525E7 /* Assets.xcassets */; };
		752E44232C886D8000A525E7 /* Base in Resources */ = {isa = PBXBuildFile; fileRef = 752E44222C886D8000A525E7 /* Base */; };
		752E442E2C886D8000A525E7 /* CardGameTests.swift in Sources */ = {isa = PBXBuildFile; fileRef = 752E442D2C886D8000A525E7 /* CardGameTests.swift */; };
		752E44382C886D8000A525E7 /* CardGameUITests.swift in Sources */ = {isa = PBXBuildFile; fileRef = 752E44372C886D8000A525E7 /* CardGameUITests.swift */; };
		752E443A2C886D8000A525E7 /* CardGameUITestsLaunchTests.swift in Sources */ = {isa = PBXBuildFile; fileRef = 752E44392C886D8000A525E7 /* CardGameUITestsLaunchTests.swift */; };
		752E44472C88748100A525E7 /* CardCollectionViewCell.swift in Sources */ = {isa = PBXBuildFile; fileRef = 752E44462C88748100A525E7 /* CardCollectionViewCell.swift */; };
		752E44492C887A6C00A525E7 /* CardModel.swift in Sources */ = {isa = PBXBuildFile; fileRef = 752E44482C887A6C00A525E7 /* CardModel.swift */; };
/* End PBXBuildFile section */

/* Begin PBXContainerItemProxy section */
		752E442A2C886D8000A525E7 /* PBXContainerItemProxy */ = {
			isa = PBXContainerItemProxy;
			containerPortal = 752E44082C886D7F00A525E7 /* Project object */;
			proxyType = 1;
			remoteGlobalIDString = 752E440F2C886D7F00A525E7;
			remoteInfo = CardGame;
		};
		752E44342C886D8000A525E7 /* PBXContainerItemProxy */ = {
			isa = PBXContainerItemProxy;
			containerPortal = 752E44082C886D7F00A525E7 /* Project object */;
			proxyType = 1;
			remoteGlobalIDString = 752E440F2C886D7F00A525E7;
			remoteInfo = CardGame;
		};
/* End PBXContainerItemProxy section */

/* Begin PBXFileReference section */
		752E44102C886D7F00A525E7 /* CardGame.app */ = {isa = PBXFileReference; explicitFileType = wrapper.application; includeInIndex = 0; path = CardGame.app; sourceTree = BUILT_PRODUCTS_DIR; };
		752E44132C886D7F00A525E7 /* AppDelegate.swift */ = {isa = PBXFileReference; lastKnownFileType = sourcecode.swift; path = AppDelegate.swift; sourceTree = "<group>"; };
		752E44152C886D7F00A525E7 /* SceneDelegate.swift */ = {isa = PBXFileReference; lastKnownFileType = sourcecode.swift; path = SceneDelegate.swift; sourceTree = "<group>"; };
		752E44172C886D7F00A525E7 /* ViewController.swift */ = {isa = PBXFileReference; lastKnownFileType = sourcecode.swift; path = ViewController.swift; sourceTree = "<group>"; };
		752E441A2C886D7F00A525E7 /* Base */ = {isa = PBXFileReference; lastKnownFileType = file.storyboard; name = Base; path = Base.lproj/Main.storyboard; sourceTree = "<group>"; };
		752E441D2C886D7F00A525E7 /* CardGame.xcdatamodel */ = {isa = PBXFileReference; lastKnownFileType = wrapper.xcdatamodel; path = CardGame.xcdatamodel; sourceTree = "<group>"; };
		752E441F2C886D8000A525E7 /* Assets.xcassets */ = {isa = PBXFileReference; lastKnownFileType = folder.assetcatalog; path = Assets.xcassets; sourceTree = "<group>"; };
		752E44222C886D8000A525E7 /* Base */ = {isa = PBXFileReference; lastKnownFileType = file.storyboard; name = Base; path = Base.lproj/LaunchScreen.storyboard; sourceTree = "<group>"; };
		752E44242C886D8000A525E7 /* Info.plist */ = {isa = PBXFileReference; lastKnownFileType = text.plist.xml; path = Info.plist; sourceTree = "<group>"; };
		752E44292C886D8000A525E7 /* CardGameTests.xctest */ = {isa = PBXFileReference; explicitFileType = wrapper.cfbundle; includeInIndex = 0; path = CardGameTests.xctest; sourceTree = BUILT_PRODUCTS_DIR; };
		752E442D2C886D8000A525E7 /* CardGameTests.swift */ = {isa = PBXFileReference; lastKnownFileType = sourcecode.swift; path = CardGameTests.swift; sourceTree = "<group>"; };
		752E44332C886D8000A525E7 /* CardGameUITests.xctest */ = {isa = PBXFileReference; explicitFileType = wrapper.cfbundle; includeInIndex = 0; path = CardGameUITests.xctest; sourceTree = BUILT_PRODUCTS_DIR; };
		752E44372C886D8000A525E7 /* CardGameUITests.swift */ = {isa = PBXFileReference; lastKnownFileType = sourcecode.swift; path = CardGameUITests.swift; sourceTree = "<group>"; };
		752E44392C886D8000A525E7 /* CardGameUITestsLaunchTests.swift */ = {isa = PBXFileReference; lastKnownFileType = sourcecode.swift; path = CardGameUITestsLaunchTests.swift; sourceTree = "<group>"; };
		752E44462C88748100A525E7 /* CardCollectionViewCell.swift */ = {isa = PBXFileReference; lastKnownFileType = sourcecode.swift; path = CardCollectionViewCell.swift; sourceTree = "<group>"; };
		752E44482C887A6C00A525E7 /* CardModel.swift */ = {isa = PBXFileReference; lastKnownFileType = sourcecode.swift; path = CardModel.swift; sourceTree = "<group>"; };
/* End PBXFileReference section */

/* Begin PBXFrameworksBuildPhase section */
		752E440D2C886D7F00A525E7 /* Frameworks */ = {
			isa = PBXFrameworksBuildPhase;
			buildActionMask = 2147483647;
			files = (
			);
			runOnlyForDeploymentPostprocessing = 0;
		};
		752E44262C886D8000A525E7 /* Frameworks */ = {
			isa = PBXFrameworksBuildPhase;
			buildActionMask = 2147483647;
			files = (
			);
			runOnlyForDeploymentPostprocessing = 0;
		};
		752E44302C886D8000A525E7 /* Frameworks */ = {
			isa = PBXFrameworksBuildPhase;
			buildActionMask = 2147483647;
			files = (
			);
			runOnlyForDeploymentPostprocessing = 0;
		};
/* End PBXFrameworksBuildPhase section */

/* Begin PBXGroup section */
		752E44072C886D7F00A525E7 = {
			isa = PBXGroup;
			children = (
				752E44122C886D7F00A525E7 /* CardGame */,
				752E442C2C886D8000A525E7 /* CardGameTests */,
				752E44362C886D8000A525E7 /* CardGameUITests */,
				752E44112C886D7F00A525E7 /* Products */,
			);
			sourceTree = "<group>";
		};
		752E44112C886D7F00A525E7 /* Products */ = {
			isa = PBXGroup;
			children = (
				752E44102C886D7F00A525E7 /* CardGame.app */,
				752E44292C886D8000A525E7 /* CardGameTests.xctest */,
				752E44332C886D8000A525E7 /* CardGameUITests.xctest */,
			);
			name = Products;
			sourceTree = "<group>";
		};
		752E44122C886D7F00A525E7 /* CardGame */ = {
			isa = PBXGroup;
			children = (
				752E44132C886D7F00A525E7 /* AppDelegate.swift */,
				752E44152C886D7F00A525E7 /* SceneDelegate.swift */,
				752E44172C886D7F00A525E7 /* ViewController.swift */,
				752E44482C887A6C00A525E7 /* CardModel.swift */,
				752E44462C88748100A525E7 /* CardCollectionViewCell.swift */,
				752E44192C886D7F00A525E7 /* Main.storyboard */,
				752E441F2C886D8000A525E7 /* Assets.xcassets */,
				752E44212C886D8000A525E7 /* LaunchScreen.storyboard */,
				752E44242C886D8000A525E7 /* Info.plist */,
				752E441C2C886D7F00A525E7 /* CardGame.xcdatamodeld */,
			);
			path = CardGame;
			sourceTree = "<group>";
		};
		752E442C2C886D8000A525E7 /* CardGameTests */ = {
			isa = PBXGroup;
			children = (
				752E442D2C886D8000A525E7 /* CardGameTests.swift */,
			);
			path = CardGameTests;
			sourceTree = "<group>";
		};
		752E44362C886D8000A525E7 /* CardGameUITests */ = {
			isa = PBXGroup;
			children = (
				752E44372C886D8000A525E7 /* CardGameUITests.swift */,
				752E44392C886D8000A525E7 /* CardGameUITestsLaunchTests.swift */,
			);
			path = CardGameUITests;
			sourceTree = "<group>";
		};
/* End PBXGroup section */

/* Begin PBXNativeTarget section */
		752E440F2C886D7F00A525E7 /* CardGame */ = {
			isa = PBXNativeTarget;
			buildConfigurationList = 752E443D2C886D8000A525E7 /* Build configuration list for PBXNativeTarget "CardGame" */;
			buildPhases = (
				752E440C2C886D7F00A525E7 /* Sources */,
				752E440D2C886D7F00A525E7 /* Frameworks */,
				752E440E2C886D7F00A525E7 /* Resources */,
			);
			buildRules = (
			);
			dependencies = (
			);
			name = CardGame;
			productName = CardGame;
			productReference = 752E44102C886D7F00A525E7 /* CardGame.app */;
			productType = "com.apple.product-type.application";
		};
		752E44282C886D8000A525E7 /* CardGameTests */ = {
			isa = PBXNativeTarget;
			buildConfigurationList = 752E44402C886D8000A525E7 /* Build configuration list for PBXNativeTarget "CardGameTests" */;
			buildPhases = (
				752E44252C886D8000A525E7 /* Sources */,
				752E44262C886D8000A525E7 /* Frameworks */,
				752E44272C886D8000A525E7 /* Resources */,
			);
			buildRules = (
			);
			dependencies = (
				752E442B2C886D8000A525E7 /* PBXTargetDependency */,
			);
			name = CardGameTests;
			productName = CardGameTests;
			productReference = 752E44292C886D8000A525E7 /* CardGameTests.xctest */;
			productType = "com.apple.product-type.bundle.unit-test";
		};
		752E44322C886D8000A525E7 /* CardGameUITests */ = {
			isa = PBXNativeTarget;
			buildConfigurationList = 752E44432C886D8000A525E7 /* Build configuration list for PBXNativeTarget "CardGameUITests" */;
			buildPhases = (
				752E442F2C886D8000A525E7 /* Sources */,
				752E44302C886D8000A525E7 /* Frameworks */,
				752E44312C886D8000A525E7 /* Resources */,
			);
			buildRules = (
			);
			dependencies = (
				752E44352C886D8000A525E7 /* PBXTargetDependency */,
			);
			name = CardGameUITests;
			productName = CardGameUITests;
			productReference = 752E44332C886D8000A525E7 /* CardGameUITests.xctest */;
			productType = "com.apple.product-type.bundle.ui-testing";
		};
/* End PBXNativeTarget section */

/* Begin PBXProject section */
		752E44082C886D7F00A525E7 /* Project object */ = {
			isa = PBXProject;
			attributes = {
				BuildIndependentTargetsInParallel = 1;
				LastSwiftUpdateCheck = 1540;
				LastUpgradeCheck = 1540;
				TargetAttributes = {
					752E440F2C886D7F00A525E7 = {
						CreatedOnToolsVersion = 15.4;
					};
					752E44282C886D8000A525E7 = {
						CreatedOnToolsVersion = 15.4;
						TestTargetID = 752E440F2C886D7F00A525E7;
					};
					752E44322C886D8000A525E7 = {
						CreatedOnToolsVersion = 15.4;
						TestTargetID = 752E440F2C886D7F00A525E7;
					};
				};
			};
			buildConfigurationList = 752E440B2C886D7F00A525E7 /* Build configuration list for PBXProject "CardGame" */;
			compatibilityVersion = "Xcode 14.0";
			developmentRegion = en;
			hasScannedForEncodings = 0;
			knownRegions = (
				en,
				Base,
			);
			mainGroup = 752E44072C886D7F00A525E7;
			productRefGroup = 752E44112C886D7F00A525E7 /* Products */;
			projectDirPath = "";
			projectRoot = "";
			targets = (
				752E440F2C886D7F00A525E7 /* CardGame */,
				752E44282C886D8000A525E7 /* CardGameTests */,
				752E44322C886D8000A525E7 /* CardGameUITests */,
			);
		};
/* End PBXProject section */

/* Begin PBXResourcesBuildPhase section */
		752E440E2C886D7F00A525E7 /* Resources */ = {
			isa = PBXResourcesBuildPhase;
			buildActionMask = 2147483647;
			files = (
				752E44202C886D8000A525E7 /* Assets.xcassets in Resources */,
				752E44232C886D8000A525E7 /* Base in Resources */,
				752E441B2C886D7F00A525E7 /* Base in Resources */,
			);
			runOnlyForDeploymentPostprocessing = 0;
		};
		752E44272C886D8000A525E7 /* Resources */ = {
			isa = PBXResourcesBuildPhase;
			buildActionMask = 2147483647;
			files = (
			);
			runOnlyForDeploymentPostprocessing = 0;
		};
		752E44312C886D8000A525E7 /* Resources */ = {
			isa = PBXResourcesBuildPhase;
			buildActionMask = 2147483647;
			files = (
			);
			runOnlyForDeploymentPostprocessing = 0;
		};
/* End PBXResourcesBuildPhase section */

/* Begin PBXSourcesBuildPhase section */
		752E440C2C886D7F00A525E7 /* Sources */ = {
			isa = PBXSourcesBuildPhase;
			buildActionMask = 2147483647;
			files = (
				752E44182C886D7F00A525E7 /* ViewController.swift in Sources */,
				752E441E2C886D7F00A525E7 /* CardGame.xcdatamodeld in Sources */,
				752E44142C886D7F00A525E7 /* AppDelegate.swift in Sources */,
				752E44472C88748100A525E7 /* CardCollectionViewCell.swift in Sources */,
				752E44162C886D7F00A525E7 /* SceneDelegate.swift in Sources */,
				752E44492C887A6C00A525E7 /* CardModel.swift in Sources */,
			);
			runOnlyForDeploymentPostprocessing = 0;
		};
		752E44252C886D8000A525E7 /* Sources */ = {
			isa = PBXSourcesBuildPhase;
			buildActionMask = 2147483647;
			files = (
				752E442E2C886D8000A525E7 /* CardGameTests.swift in Sources */,
			);
			runOnlyForDeploymentPostprocessing = 0;
		};
		752E442F2C886D8000A525E7 /* Sources */ = {
			isa = PBXSourcesBuildPhase;
			buildActionMask = 2147483647;
			files = (
				752E443A2C886D8000A525E7 /* CardGameUITestsLaunchTests.swift in Sources */,
				752E44382C886D8000A525E7 /* CardGameUITests.swift in Sources */,
			);
			runOnlyForDeploymentPostprocessing = 0;
		};
/* End PBXSourcesBuildPhase section */

/* Begin PBXTargetDependency section */
		752E442B2C886D8000A525E7 /* PBXTargetDependency */ = {
			isa = PBXTargetDependency;
			target = 752E440F2C886D7F00A525E7 /* CardGame */;
			targetProxy = 752E442A2C886D8000A525E7 /* PBXContainerItemProxy */;
		};
		752E44352C886D8000A525E7 /* PBXTargetDependency */ = {
			isa = PBXTargetDependency;
			target = 752E440F2C886D7F00A525E7 /* CardGame */;
			targetProxy = 752E44342C886D8000A525E7 /* PBXContainerItemProxy */;
		};
/* End PBXTargetDependency section */

/* Begin PBXVariantGroup section */
		752E44192C886D7F00A525E7 /* Main.storyboard */ = {
			isa = PBXVariantGroup;
			children = (
				752E441A2C886D7F00A525E7 /* Base */,
			);
			name = Main.storyboard;
			sourceTree = "<group>";
		};
		752E44212C886D8000A525E7 /* LaunchScreen.storyboard */ = {
			isa = PBXVariantGroup;
			children = (
				752E44222C886D8000A525E7 /* Base */,
			);
			name = LaunchScreen.storyboard;
			sourceTree = "<group>";
		};
/* End PBXVariantGroup section */

/* Begin XCBuildConfiguration section */
		752E443B2C886D8000A525E7 /* Debug */ = {
			isa = XCBuildConfiguration;
			buildSettings = {
				ALWAYS_SEARCH_USER_PATHS = NO;
				ASSETCATALOG_COMPILER_GENERATE_SWIFT_ASSET_SYMBOL_EXTENSIONS = YES;
				CLANG_ANALYZER_NONNULL = YES;
				CLANG_ANALYZER_NUMBER_OBJECT_CONVERSION = YES_AGGRESSIVE;
				CLANG_CXX_LANGUAGE_STANDARD = "gnu++20";
				CLANG_ENABLE_MODULES = YES;
				CLANG_ENABLE_OBJC_ARC = YES;
				CLANG_ENABLE_OBJC_WEAK = YES;
				CLANG_WARN_BLOCK_CAPTURE_AUTORELEASING = YES;
				CLANG_WARN_BOOL_CONVERSION = YES;
				CLANG_WARN_COMMA = YES;
				CLANG_WARN_CONSTANT_CONVERSION = YES;
				CLANG_WARN_DEPRECATED_OBJC_IMPLEMENTATIONS = YES;
				CLANG_WARN_DIRECT_OBJC_ISA_USAGE = YES_ERROR;
				CLANG_WARN_DOCUMENTATION_COMMENTS = YES;
				CLANG_WARN_EMPTY_BODY = YES;
				CLANG_WARN_ENUM_CONVERSION = YES;
				CLANG_WARN_INFINITE_RECURSION = YES;
				CLANG_WARN_INT_CONVERSION = YES;
				CLANG_WARN_NON_LITERAL_NULL_CONVERSION = YES;
				CLANG_WARN_OBJC_IMPLICIT_RETAIN_SELF = YES;
				CLANG_WARN_OBJC_LITERAL_CONVERSION = YES;
				CLANG_WARN_OBJC_ROOT_CLASS = YES_ERROR;
				CLANG_WARN_QUOTED_INCLUDE_IN_FRAMEWORK_HEADER = YES;
				CLANG_WARN_RANGE_LOOP_ANALYSIS = YES;
				CLANG_WARN_STRICT_PROTOTYPES = YES;
				CLANG_WARN_SUSPICIOUS_MOVE = YES;
				CLANG_WARN_UNGUARDED_AVAILABILITY = YES_AGGRESSIVE;
				CLANG_WARN_UNREACHABLE_CODE = YES;
				CLANG_WARN__DUPLICATE_METHOD_MATCH = YES;
				COPY_PHASE_STRIP = NO;
				DEBUG_INFORMATION_FORMAT = dwarf;
				ENABLE_STRICT_OBJC_MSGSEND = YES;
				ENABLE_TESTABILITY = YES;
				ENABLE_USER_SCRIPT_SANDBOXING = YES;
				GCC_C_LANGUAGE_STANDARD = gnu17;
				GCC_DYNAMIC_NO_PIC = NO;
				GCC_NO_COMMON_BLOCKS = YES;
				GCC_OPTIMIZATION_LEVEL = 0;
				GCC_PREPROCESSOR_DEFINITIONS = (
					"DEBUG=1",
					"$(inherited)",
				);
				GCC_WARN_64_TO_32_BIT_CONVERSION = YES;
				GCC_WARN_ABOUT_RETURN_TYPE = YES_ERROR;
				GCC_WARN_UNDECLARED_SELECTOR = YES;
				GCC_WARN_UNINITIALIZED_AUTOS = YES_AGGRESSIVE;
				GCC_WARN_UNUSED_FUNCTION = YES;
				GCC_WARN_UNUSED_VARIABLE = YES;
				IPHONEOS_DEPLOYMENT_TARGET = 17.5;
				LOCALIZATION_PREFERS_STRING_CATALOGS = YES;
				MTL_ENABLE_DEBUG_INFO = INCLUDE_SOURCE;
				MTL_FAST_MATH = YES;
				ONLY_ACTIVE_ARCH = YES;
				SDKROOT = iphoneos;
				SWIFT_ACTIVE_COMPILATION_CONDITIONS = "DEBUG $(inherited)";
				SWIFT_OPTIMIZATION_LEVEL = "-Onone";
			};
			name = Debug;
		};
		752E443C2C886D8000A525E7 /* Release */ = {
			isa = XCBuildConfiguration;
			buildSettings = {
				ALWAYS_SEARCH_USER_PATHS = NO;
				ASSETCATALOG_COMPILER_GENERATE_SWIFT_ASSET_SYMBOL_EXTENSIONS = YES;
				CLANG_ANALYZER_NONNULL = YES;
				CLANG_ANALYZER_NUMBER_OBJECT_CONVERSION = YES_AGGRESSIVE;
				CLANG_CXX_LANGUAGE_STANDARD = "gnu++20";
				CLANG_ENABLE_MODULES = YES;
				CLANG_ENABLE_OBJC_ARC = YES;
				CLANG_ENABLE_OBJC_WEAK = YES;
				CLANG_WARN_BLOCK_CAPTURE_AUTORELEASING = YES;
				CLANG_WARN_BOOL_CONVERSION = YES;
				CLANG_WARN_COMMA = YES;
				CLANG_WARN_CONSTANT_CONVERSION = YES;
				CLANG_WARN_DEPRECATED_OBJC_IMPLEMENTATIONS = YES;
				CLANG_WARN_DIRECT_OBJC_ISA_USAGE = YES_ERROR;
				CLANG_WARN_DOCUMENTATION_COMMENTS = YES;
				CLANG_WARN_EMPTY_BODY = YES;
				CLANG_WARN_ENUM_CONVERSION = YES;
				CLANG_WARN_INFINITE_RECURSION = YES;
				CLANG_WARN_INT_CONVERSION = YES;
				CLANG_WARN_NON_LITERAL_NULL_CONVERSION = YES;
				CLANG_WARN_OBJC_IMPLICIT_RETAIN_SELF = YES;
				CLANG_WARN_OBJC_LITERAL_CONVERSION = YES;
				CLANG_WARN_OBJC_ROOT_CLASS = YES_ERROR;
				CLANG_WARN_QUOTED_INCLUDE_IN_FRAMEWORK_HEADER = YES;
				CLANG_WARN_RANGE_LOOP_ANALYSIS = YES;
				CLANG_WARN_STRICT_PROTOTYPES = YES;
				CLANG_WARN_SUSPICIOUS_MOVE = YES;
				CLANG_WARN_UNGUARDED_AVAILABILITY = YES_AGGRESSIVE;
				CLANG_WARN_UNREACHABLE_CODE = YES;
				CLANG_WARN__DUPLICATE_METHOD_MATCH = YES;
				COPY_PHASE_STRIP = NO;
				DEBUG_INFORMATION_FORMAT = "dwarf-with-dsym";
				ENABLE_NS_ASSERTIONS = NO;
				ENABLE_STRICT_OBJC_MSGSEND = YES;
				ENABLE_USER_SCRIPT_SANDBOXING = YES;
				GCC_C_LANGUAGE_STANDARD = gnu17;
				GCC_NO_COMMON_BLOCKS = YES;
				GCC_WARN_64_TO_32_BIT_CONVERSION = YES;
				GCC_WARN_ABOUT_RETURN_TYPE = YES_ERROR;
				GCC_WARN_UNDECLARED_SELECTOR = YES;
				GCC_WARN_UNINITIALIZED_AUTOS = YES_AGGRESSIVE;
				GCC_WARN_UNUSED_FUNCTION = YES;
				GCC_WARN_UNUSED_VARIABLE = YES;
				IPHONEOS_DEPLOYMENT_TARGET = 17.5;
				LOCALIZATION_PREFERS_STRING_CATALOGS = YES;
				MTL_ENABLE_DEBUG_INFO = NO;
				MTL_FAST_MATH = YES;
				SDKROOT = iphoneos;
				SWIFT_COMPILATION_MODE = wholemodule;
				VALIDATE_PRODUCT = YES;
			};
			name = Release;
		};
		752E443E2C886D8000A525E7 /* Debug */ = {
			isa = XCBuildConfiguration;
			buildSettings = {
				ASSETCATALOG_COMPILER_APPICON_NAME = AppIcon;
				ASSETCATALOG_COMPILER_GLOBAL_ACCENT_COLOR_NAME = AccentColor;
				CODE_SIGN_STYLE = Automatic;
				CURRENT_PROJECT_VERSION = 3;
				DEVELOPMENT_TEAM = V73LJ8VDAT;
				GENERATE_INFOPLIST_FILE = YES;
				INFOPLIST_FILE = CardGame/Info.plist;
				INFOPLIST_KEY_UIApplicationSupportsIndirectInputEvents = YES;
				INFOPLIST_KEY_UILaunchStoryboardName = LaunchScreen;
				INFOPLIST_KEY_UIMainStoryboardFile = Main;
				INFOPLIST_KEY_UISupportedInterfaceOrientations_iPad = "UIInterfaceOrientationPortrait UIInterfaceOrientationPortraitUpsideDown UIInterfaceOrientationLandscapeLeft UIInterfaceOrientationLandscapeRight";
				INFOPLIST_KEY_UISupportedInterfaceOrientations_iPhone = "UIInterfaceOrientationPortrait UIInterfaceOrientationLandscapeLeft UIInterfaceOrientationLandscapeRight";
				IPHONEOS_DEPLOYMENT_TARGET = 13.0;
				LD_RUNPATH_SEARCH_PATHS = (
					"$(inherited)",
					"@executable_path/Frameworks",
				);
				MARKETING_VERSION = 1.0;
				PRODUCT_BUNDLE_IDENTIFIER = com.hussaintechlabz.CardGame;
				PRODUCT_NAME = "$(TARGET_NAME)";
				SWIFT_EMIT_LOC_STRINGS = YES;
				SWIFT_VERSION = 5.0;
				TARGETED_DEVICE_FAMILY = "1,2";
			};
			name = Debug;
		};
		752E443F2C886D8000A525E7 /* Release */ = {
			isa = XCBuildConfiguration;
			buildSettings = {
				ASSETCATALOG_COMPILER_APPICON_NAME = AppIcon;
				ASSETCATALOG_COMPILER_GLOBAL_ACCENT_COLOR_NAME = AccentColor;
				CODE_SIGN_STYLE = Automatic;
				CURRENT_PROJECT_VERSION = 3;
				DEVELOPMENT_TEAM = V73LJ8VDAT;
				GENERATE_INFOPLIST_FILE = YES;
				INFOPLIST_FILE = CardGame/Info.plist;
				INFOPLIST_KEY_UIApplicationSupportsIndirectInputEvents = YES;
				INFOPLIST_KEY_UILaunchStoryboardName = LaunchScreen;
				INFOPLIST_KEY_UIMainStoryboardFile = Main;
				INFOPLIST_KEY_UISupportedInterfaceOrientations_iPad = "UIInterfaceOrientationPortrait UIInterfaceOrientationPortraitUpsideDown UIInterfaceOrientationLandscapeLeft UIInterfaceOrientationLandscapeRight";
				INFOPLIST_KEY_UISupportedInterfaceOrientations_iPhone = "UIInterfaceOrientationPortrait UIInterfaceOrientationLandscapeLeft UIInterfaceOrientationLandscapeRight";
				IPHONEOS_DEPLOYMENT_TARGET = 13.0;
				LD_RUNPATH_SEARCH_PATHS = (
					"$(inherited)",
					"@executable_path/Frameworks",
				);
				MARKETING_VERSION = 1.0;
				PRODUCT_BUNDLE_IDENTIFIER = com.hussaintechlabz.CardGame;
				PRODUCT_NAME = "$(TARGET_NAME)";
				SWIFT_EMIT_LOC_STRINGS = YES;
				SWIFT_VERSION = 5.0;
				TARGETED_DEVICE_FAMILY = "1,2";
			};
			name = Release;
		};
		752E44412C886D8000A525E7 /* Debug */ = {
			isa = XCBuildConfiguration;
			buildSettings = {
				ALWAYS_EMBED_SWIFT_STANDARD_LIBRARIES = YES;
				BUNDLE_LOADER = "$(TEST_HOST)";
				CODE_SIGN_STYLE = Automatic;
				CURRENT_PROJECT_VERSION = 1;
				DEVELOPMENT_TEAM = QWYZYC5KB7;
				GENERATE_INFOPLIST_FILE = YES;
				IPHONEOS_DEPLOYMENT_TARGET = 17.5;
				MARKETING_VERSION = 1.0;
				PRODUCT_BUNDLE_IDENTIFIER = com.mraza.CardGameTests;
				PRODUCT_NAME = "$(TARGET_NAME)";
				SWIFT_EMIT_LOC_STRINGS = NO;
				SWIFT_VERSION = 5.0;
				TARGETED_DEVICE_FAMILY = "1,2";
				TEST_HOST = "$(BUILT_PRODUCTS_DIR)/CardGame.app/$(BUNDLE_EXECUTABLE_FOLDER_PATH)/CardGame";
			};
			name = Debug;
		};
		752E44422C886D8000A525E7 /* Release */ = {
			isa = XCBuildConfiguration;
			buildSettings = {
				ALWAYS_EMBED_SWIFT_STANDARD_LIBRARIES = YES;
				BUNDLE_LOADER = "$(TEST_HOST)";
				CODE_SIGN_STYLE = Automatic;
				CURRENT_PROJECT_VERSION = 1;
				DEVELOPMENT_TEAM = QWYZYC5KB7;
				GENERATE_INFOPLIST_FILE = YES;
				IPHONEOS_DEPLOYMENT_TARGET = 17.5;
				MARKETING_VERSION = 1.0;
				PRODUCT_BUNDLE_IDENTIFIER = com.mraza.CardGameTests;
				PRODUCT_NAME = "$(TARGET_NAME)";
				SWIFT_EMIT_LOC_STRINGS = NO;
				SWIFT_VERSION = 5.0;
				TARGETED_DEVICE_FAMILY = "1,2";
				TEST_HOST = "$(BUILT_PRODUCTS_DIR)/CardGame.app/$(BUNDLE_EXECUTABLE_FOLDER_PATH)/CardGame";
			};
			name = Release;
		};
		752E44442C886D8000A525E7 /* Debug */ = {
			isa = XCBuildConfiguration;
			buildSettings = {
				ALWAYS_EMBED_SWIFT_STANDARD_LIBRARIES = YES;
				CODE_SIGN_STYLE = Automatic;
				CURRENT_PROJECT_VERSION = 1;
				DEVELOPMENT_TEAM = QWYZYC5KB7;
				GENERATE_INFOPLIST_FILE = YES;
				MARKETING_VERSION = 1.0;
				PRODUCT_BUNDLE_IDENTIFIER = com.mraza.CardGameUITests;
				PRODUCT_NAME = "$(TARGET_NAME)";
				SWIFT_EMIT_LOC_STRINGS = NO;
				SWIFT_VERSION = 5.0;
				TARGETED_DEVICE_FAMILY = "1,2";
				TEST_TARGET_NAME = CardGame;
			};
			name = Debug;
		};
		752E44452C886D8000A525E7 /* Release */ = {
			isa = XCBuildConfiguration;
			buildSettings = {
				ALWAYS_EMBED_SWIFT_STANDARD_LIBRARIES = YES;
				CODE_SIGN_STYLE = Automatic;
				CURRENT_PROJECT_VERSION = 1;
				DEVELOPMENT_TEAM = QWYZYC5KB7;
				GENERATE_INFOPLIST_FILE = YES;
				MARKETING_VERSION = 1.0;
				PRODUCT_BUNDLE_IDENTIFIER = com.mraza.CardGameUITests;
				PRODUCT_NAME = "$(TARGET_NAME)";
				SWIFT_EMIT_LOC_STRINGS = NO;
				SWIFT_VERSION = 5.0;
				TARGETED_DEVICE_FAMILY = "1,2";
				TEST_TARGET_NAME = CardGame;
			};
			name = Release;
		};
/* End XCBuildConfiguration section */

/* Begin XCConfigurationList section */
		752E440B2C886D7F00A525E7 /* Build configuration list for PBXProject "CardGame" */ = {
			isa = XCConfigurationList;
			buildConfigurations = (
				752E443B2C886D8000A525E7 /* Debug */,
				752E443C2C886D8000A525E7 /* Release */,
			);
			defaultConfigurationIsVisible = 0;
			defaultConfigurationName = Release;
		};
		752E443D2C886D8000A525E7 /* Build configuration list for PBXNativeTarget "CardGame" */ = {
			isa = XCConfigurationList;
			buildConfigurations = (
				752E443E2C886D8000A525E7 /* Debug */,
				752E443F2C886D8000A525E7 /* Release */,
			);
			defaultConfigurationIsVisible = 0;
			defaultConfigurationName = Release;
		};
		752E44402C886D8000A525E7 /* Build configuration list for PBXNativeTarget "CardGameTests" */ = {
			isa = XCConfigurationList;
			buildConfigurations = (
				752E44412C886D8000A525E7 /* Debug */,
				752E44422C886D8000A525E7 /* Release */,
			);
			defaultConfigurationIsVisible = 0;
			defaultConfigurationName = Release;
		};
		752E44432C886D8000A525E7 /* Build configuration list for PBXNativeTarget "CardGameUITests" */ = {
			isa = XCConfigurationList;
			buildConfigurations = (
				752E44442C886D8000A525E7 /* Debug */,
				752E44452C886D8000A525E7 /* Release */,
			);
			defaultConfigurationIsVisible = 0;
			defaultConfigurationName = Release;
		};
/* End XCConfigurationList section */

/* Begin XCVersionGroup section */
		752E441C2C886D7F00A525E7 /* CardGame.xcdatamodeld */ = {
			isa = XCVersionGroup;
			children = (
				752E441D2C886D7F00A525E7 /* CardGame.xcdatamodel */,
			);
			currentVersion = 752E441D2C886D7F00A525E7 /* CardGame.xcdatamodel */;
			path = CardGame.xcdatamodeld;
			sourceTree = "<group>";
			versionGroupType = wrapper.xcdatamodel;
		};
/* End XCVersionGroup section */
	};
	rootObject = 752E44082C886D7F00A525E7 /* Project object */;
}
